// !$*UTF8*$!
{
	archiveVersion = 1;
	classes = {
	};
	objectVersion = 56;
	objects = {

/* Begin PBXBuildFile section */
		F620D19428F12A1B00682D90 /* GameEventBoardCaster.swift in Sources */ = {isa = PBXBuildFile; fileRef = F620D19328F12A1B00682D90 /* GameEventBoardCaster.swift */; };
		F6750D4828D0D5A30034D839 /* Battle.swift in Sources */ = {isa = PBXBuildFile; fileRef = F6750D4728D0D5A30034D839 /* Battle.swift */; };
		F6750D4A28D23AF70034D839 /* BattleGroundTests.swift in Sources */ = {isa = PBXBuildFile; fileRef = F6750D4928D23AF70034D839 /* BattleGroundTests.swift */; };
		F6768E5828CC306C005D7264 /* ThirdParty.framework in Frameworks */ = {isa = PBXBuildFile; fileRef = F6768E5728CC306C005D7264 /* ThirdParty.framework */; };
		F6768E5C28CC6243005D7264 /* ThirdParty.framework in Frameworks */ = {isa = PBXBuildFile; fileRef = F6768E5B28CC6243005D7264 /* ThirdParty.framework */; };
		F6768E5E28CC6C82005D7264 /* KnightPathSuggestServiceImpleTests+defence.swift in Sources */ = {isa = PBXBuildFile; fileRef = F6768E5D28CC6C82005D7264 /* KnightPathSuggestServiceImpleTests+defence.swift */; };
		F6768E6028CD890F005D7264 /* KnightPathSuggestServiceImpleTests.swift in Sources */ = {isa = PBXBuildFile; fileRef = F6768E5F28CD890F005D7264 /* KnightPathSuggestServiceImpleTests.swift */; };
		F690086828C667FD00D6CDC7 /* KnightPathSuggestService.swift in Sources */ = {isa = PBXBuildFile; fileRef = F690086728C667FD00D6CDC7 /* KnightPathSuggestService.swift */; };
		F690087828C7A93100D6CDC7 /* KnightPathSuggestServiceImpleTests+attack.swift in Sources */ = {isa = PBXBuildFile; fileRef = F690087728C7A93100D6CDC7 /* KnightPathSuggestServiceImpleTests+attack.swift */; };
		F690BC8C28CF1590003EAEF2 /* BattleGround.swift in Sources */ = {isa = PBXBuildFile; fileRef = F690BC8B28CF1590003EAEF2 /* BattleGround.swift */; };
		F6917BE428CDCCCC00C8C4CB /* Extensions.framework in Frameworks */ = {isa = PBXBuildFile; fileRef = F6917BE328CDCCCC00C8C4CB /* Extensions.framework */; };
		F6917BE728CDCCE100C8C4CB /* Extensions.framework in Frameworks */ = {isa = PBXBuildFile; fileRef = F6917BE628CDCCE100C8C4CB /* Extensions.framework */; };
		F6A42EC928D58FEB00E5EF3A /* TestHelpKit.framework in Frameworks */ = {isa = PBXBuildFile; fileRef = F6A42EC828D58FEB00E5EF3A /* TestHelpKit.framework */; };
		F6AC5FF828CDC86300A35B53 /* OfflineGameServiceImple.swift in Sources */ = {isa = PBXBuildFile; fileRef = F6AC5FF728CDC86300A35B53 /* OfflineGameServiceImple.swift */; };
		F6AC600128CDCC3000A35B53 /* OfflineGameServiceImpleTests.swift in Sources */ = {isa = PBXBuildFile; fileRef = F6AC600028CDCC3000A35B53 /* OfflineGameServiceImpleTests.swift */; };
		F6D229FF28C4F5B90091E3C8 /* Domain.framework in Frameworks */ = {isa = PBXBuildFile; fileRef = F6D229F628C4F5B90091E3C8 /* Domain.framework */; };
		F6D22A0528C4F5B90091E3C8 /* Domain.h in Headers */ = {isa = PBXBuildFile; fileRef = F6D229F928C4F5B90091E3C8 /* Domain.h */; settings = {ATTRIBUTES = (Public, ); }; };
		F6D22A1028C4F5DF0091E3C8 /* Player.swift in Sources */ = {isa = PBXBuildFile; fileRef = F6D22A0F28C4F5DF0091E3C8 /* Player.swift */; };
		F6D22A1228C4F6E00091E3C8 /* Knight.swift in Sources */ = {isa = PBXBuildFile; fileRef = F6D22A1128C4F6E00091E3C8 /* Knight.swift */; };
		F6D22A1428C4F7F70091E3C8 /* GameTurn.swift in Sources */ = {isa = PBXBuildFile; fileRef = F6D22A1328C4F7F70091E3C8 /* GameTurn.swift */; };
		F6D22A1628C4F9BB0091E3C8 /* Node.swift in Sources */ = {isa = PBXBuildFile; fileRef = F6D22A1528C4F9BB0091E3C8 /* Node.swift */; };
		F6D22A1828C4FA800091E3C8 /* BinaryDice.swift in Sources */ = {isa = PBXBuildFile; fileRef = F6D22A1728C4FA800091E3C8 /* BinaryDice.swift */; };
		F6D22A1A28C4FCDE0091E3C8 /* GameService.swift in Sources */ = {isa = PBXBuildFile; fileRef = F6D22A1928C4FCDE0091E3C8 /* GameService.swift */; };
		F6D22A2228C645190091E3C8 /* GameEvents.swift in Sources */ = {isa = PBXBuildFile; fileRef = F6D22A2128C645190091E3C8 /* GameEvents.swift */; };
		F6F8919528CEF5CA008621D5 /* GameInfo.swift in Sources */ = {isa = PBXBuildFile; fileRef = F6F8919428CEF5CA008621D5 /* GameInfo.swift */; };
		F6F8919928CEF6DF008621D5 /* RandDomiceRoller.swift.swift in Sources */ = {isa = PBXBuildFile; fileRef = F6F8919828CEF6DF008621D5 /* RandDomiceRoller.swift.swift */; };
/* End PBXBuildFile section */

/* Begin PBXContainerItemProxy section */
		F6D22A0028C4F5B90091E3C8 /* PBXContainerItemProxy */ = {
			isa = PBXContainerItemProxy;
			containerPortal = F6D229ED28C4F5B90091E3C8 /* Project object */;
			proxyType = 1;
			remoteGlobalIDString = F6D229F528C4F5B90091E3C8;
			remoteInfo = Domain;
		};
/* End PBXContainerItemProxy section */

/* Begin PBXFileReference section */
		F620D19328F12A1B00682D90 /* GameEventBoardCaster.swift */ = {isa = PBXFileReference; lastKnownFileType = sourcecode.swift; path = GameEventBoardCaster.swift; sourceTree = "<group>"; };
		F6750D4728D0D5A30034D839 /* Battle.swift */ = {isa = PBXFileReference; lastKnownFileType = sourcecode.swift; path = Battle.swift; sourceTree = "<group>"; };
		F6750D4928D23AF70034D839 /* BattleGroundTests.swift */ = {isa = PBXFileReference; lastKnownFileType = sourcecode.swift; path = BattleGroundTests.swift; sourceTree = "<group>"; };
		F6768E5728CC306C005D7264 /* ThirdParty.framework */ = {isa = PBXFileReference; explicitFileType = wrapper.framework; path = ThirdParty.framework; sourceTree = BUILT_PRODUCTS_DIR; };
		F6768E5B28CC6243005D7264 /* ThirdParty.framework */ = {isa = PBXFileReference; explicitFileType = wrapper.framework; path = ThirdParty.framework; sourceTree = BUILT_PRODUCTS_DIR; };
		F6768E5D28CC6C82005D7264 /* KnightPathSuggestServiceImpleTests+defence.swift */ = {isa = PBXFileReference; lastKnownFileType = sourcecode.swift; path = "KnightPathSuggestServiceImpleTests+defence.swift"; sourceTree = "<group>"; };
		F6768E5F28CD890F005D7264 /* KnightPathSuggestServiceImpleTests.swift */ = {isa = PBXFileReference; lastKnownFileType = sourcecode.swift; path = KnightPathSuggestServiceImpleTests.swift; sourceTree = "<group>"; };
		F690086728C667FD00D6CDC7 /* KnightPathSuggestService.swift */ = {isa = PBXFileReference; lastKnownFileType = sourcecode.swift; path = KnightPathSuggestService.swift; sourceTree = "<group>"; };
		F690087728C7A93100D6CDC7 /* KnightPathSuggestServiceImpleTests+attack.swift */ = {isa = PBXFileReference; lastKnownFileType = sourcecode.swift; path = "KnightPathSuggestServiceImpleTests+attack.swift"; sourceTree = "<group>"; };
		F690BC8B28CF1590003EAEF2 /* BattleGround.swift */ = {isa = PBXFileReference; lastKnownFileType = sourcecode.swift; path = BattleGround.swift; sourceTree = "<group>"; };
		F6917BE328CDCCCC00C8C4CB /* Extensions.framework */ = {isa = PBXFileReference; explicitFileType = wrapper.framework; path = Extensions.framework; sourceTree = BUILT_PRODUCTS_DIR; };
		F6917BE628CDCCE100C8C4CB /* Extensions.framework */ = {isa = PBXFileReference; explicitFileType = wrapper.framework; path = Extensions.framework; sourceTree = BUILT_PRODUCTS_DIR; };
		F6A42EC828D58FEB00E5EF3A /* TestHelpKit.framework */ = {isa = PBXFileReference; explicitFileType = wrapper.framework; path = TestHelpKit.framework; sourceTree = BUILT_PRODUCTS_DIR; };
		F6AC5FF728CDC86300A35B53 /* OfflineGameServiceImple.swift */ = {isa = PBXFileReference; lastKnownFileType = sourcecode.swift; path = OfflineGameServiceImple.swift; sourceTree = "<group>"; };
		F6AC600028CDCC3000A35B53 /* OfflineGameServiceImpleTests.swift */ = {isa = PBXFileReference; lastKnownFileType = sourcecode.swift; path = OfflineGameServiceImpleTests.swift; sourceTree = "<group>"; };
		F6D229F628C4F5B90091E3C8 /* Domain.framework */ = {isa = PBXFileReference; explicitFileType = wrapper.framework; includeInIndex = 0; path = Domain.framework; sourceTree = BUILT_PRODUCTS_DIR; };
		F6D229F928C4F5B90091E3C8 /* Domain.h */ = {isa = PBXFileReference; lastKnownFileType = sourcecode.c.h; path = Domain.h; sourceTree = "<group>"; };
		F6D229FE28C4F5B90091E3C8 /* DomainTests.xctest */ = {isa = PBXFileReference; explicitFileType = wrapper.cfbundle; includeInIndex = 0; path = DomainTests.xctest; sourceTree = BUILT_PRODUCTS_DIR; };
		F6D22A0F28C4F5DF0091E3C8 /* Player.swift */ = {isa = PBXFileReference; lastKnownFileType = sourcecode.swift; path = Player.swift; sourceTree = "<group>"; };
		F6D22A1128C4F6E00091E3C8 /* Knight.swift */ = {isa = PBXFileReference; lastKnownFileType = sourcecode.swift; path = Knight.swift; sourceTree = "<group>"; };
		F6D22A1328C4F7F70091E3C8 /* GameTurn.swift */ = {isa = PBXFileReference; lastKnownFileType = sourcecode.swift; path = GameTurn.swift; sourceTree = "<group>"; };
		F6D22A1528C4F9BB0091E3C8 /* Node.swift */ = {isa = PBXFileReference; lastKnownFileType = sourcecode.swift; path = Node.swift; sourceTree = "<group>"; };
		F6D22A1728C4FA800091E3C8 /* BinaryDice.swift */ = {isa = PBXFileReference; lastKnownFileType = sourcecode.swift; path = BinaryDice.swift; sourceTree = "<group>"; };
		F6D22A1928C4FCDE0091E3C8 /* GameService.swift */ = {isa = PBXFileReference; lastKnownFileType = sourcecode.swift; path = GameService.swift; sourceTree = "<group>"; };
		F6D22A2128C645190091E3C8 /* GameEvents.swift */ = {isa = PBXFileReference; lastKnownFileType = sourcecode.swift; path = GameEvents.swift; sourceTree = "<group>"; };
		F6F8919428CEF5CA008621D5 /* GameInfo.swift */ = {isa = PBXFileReference; lastKnownFileType = sourcecode.swift; path = GameInfo.swift; sourceTree = "<group>"; };
		F6F8919828CEF6DF008621D5 /* RandDomiceRoller.swift.swift */ = {isa = PBXFileReference; lastKnownFileType = sourcecode.swift; path = RandDomiceRoller.swift.swift; sourceTree = "<group>"; };
/* End PBXFileReference section */

/* Begin PBXFrameworksBuildPhase section */
		F6D229F328C4F5B90091E3C8 /* Frameworks */ = {
			isa = PBXFrameworksBuildPhase;
			buildActionMask = 2147483647;
			files = (
				F6917BE428CDCCCC00C8C4CB /* Extensions.framework in Frameworks */,
				F6768E5828CC306C005D7264 /* ThirdParty.framework in Frameworks */,
			);
			runOnlyForDeploymentPostprocessing = 0;
		};
		F6D229FB28C4F5B90091E3C8 /* Frameworks */ = {
			isa = PBXFrameworksBuildPhase;
			buildActionMask = 2147483647;
			files = (
				F6A42EC928D58FEB00E5EF3A /* TestHelpKit.framework in Frameworks */,
				F6917BE728CDCCE100C8C4CB /* Extensions.framework in Frameworks */,
				F6768E5C28CC6243005D7264 /* ThirdParty.framework in Frameworks */,
				F6D229FF28C4F5B90091E3C8 /* Domain.framework in Frameworks */,
			);
			runOnlyForDeploymentPostprocessing = 0;
		};
/* End PBXFrameworksBuildPhase section */

/* Begin PBXGroup section */
		F620D19528F12B0400682D90 /* Events */ = {
			isa = PBXGroup;
			children = (
				F6D22A2128C645190091E3C8 /* GameEvents.swift */,
			);
			path = Events;
			sourceTree = "<group>";
		};
		F620D19628F12B0C00682D90 /* Service */ = {
			isa = PBXGroup;
			children = (
				F6AC5FF728CDC86300A35B53 /* OfflineGameServiceImple.swift */,
				F6D22A1928C4FCDE0091E3C8 /* GameService.swift */,
			);
			path = Service;
			sourceTree = "<group>";
		};
		F620D19728F12B1000682D90 /* BoardCaster */ = {
			isa = PBXGroup;
			children = (
				F620D19328F12A1B00682D90 /* GameEventBoardCaster.swift */,
			);
			path = BoardCaster;
			sourceTree = "<group>";
		};
		F620D19828F12B4200682D90 /* Support */ = {
			isa = PBXGroup;
			children = (
				F690BC8B28CF1590003EAEF2 /* BattleGround.swift */,
				F6F8919828CEF6DF008621D5 /* RandDomiceRoller.swift.swift */,
				F690086728C667FD00D6CDC7 /* KnightPathSuggestService.swift */,
			);
			path = Support;
			sourceTree = "<group>";
		};
		F6768E5628CC306C005D7264 /* Frameworks */ = {
			isa = PBXGroup;
			children = (
				F6A42EC828D58FEB00E5EF3A /* TestHelpKit.framework */,
				F6917BE628CDCCE100C8C4CB /* Extensions.framework */,
				F6917BE328CDCCCC00C8C4CB /* Extensions.framework */,
				F6768E5B28CC6243005D7264 /* ThirdParty.framework */,
				F6768E5728CC306C005D7264 /* ThirdParty.framework */,
			);
			name = Frameworks;
			sourceTree = "<group>";
		};
		F690087628C7A91800D6CDC7 /* Game */ = {
			isa = PBXGroup;
			children = (
				F6768E5F28CD890F005D7264 /* KnightPathSuggestServiceImpleTests.swift */,
				F690087728C7A93100D6CDC7 /* KnightPathSuggestServiceImpleTests+attack.swift */,
				F6768E5D28CC6C82005D7264 /* KnightPathSuggestServiceImpleTests+defence.swift */,
				F6AC600028CDCC3000A35B53 /* OfflineGameServiceImpleTests.swift */,
				F6750D4928D23AF70034D839 /* BattleGroundTests.swift */,
			);
			path = Game;
			sourceTree = "<group>";
		};
		F6AC5FF928CDC8F200A35B53 /* Game */ = {
			isa = PBXGroup;
			children = (
				F620D19528F12B0400682D90 /* Events */,
				F620D19628F12B0C00682D90 /* Service */,
				F620D19728F12B1000682D90 /* BoardCaster */,
				F620D19828F12B4200682D90 /* Support */,
			);
			path = Game;
			sourceTree = "<group>";
		};
		F6D229EC28C4F5B90091E3C8 = {
			isa = PBXGroup;
			children = (
				F6D229F828C4F5B90091E3C8 /* Domain */,
				F6D22A0228C4F5B90091E3C8 /* DomainTests */,
				F6D229F728C4F5B90091E3C8 /* Products */,
				F6768E5628CC306C005D7264 /* Frameworks */,
			);
			sourceTree = "<group>";
		};
		F6D229F728C4F5B90091E3C8 /* Products */ = {
			isa = PBXGroup;
			children = (
				F6D229F628C4F5B90091E3C8 /* Domain.framework */,
				F6D229FE28C4F5B90091E3C8 /* DomainTests.xctest */,
			);
			name = Products;
			sourceTree = "<group>";
		};
		F6D229F828C4F5B90091E3C8 /* Domain */ = {
			isa = PBXGroup;
			children = (
				F6D22A0E28C4F5C60091E3C8 /* Entities+dto */,
				F6D22A2028C645000091E3C8 /* Services */,
				F6D229F928C4F5B90091E3C8 /* Domain.h */,
			);
			path = Domain;
			sourceTree = "<group>";
		};
		F6D22A0228C4F5B90091E3C8 /* DomainTests */ = {
			isa = PBXGroup;
			children = (
				F690087628C7A91800D6CDC7 /* Game */,
			);
			path = DomainTests;
			sourceTree = "<group>";
		};
		F6D22A0E28C4F5C60091E3C8 /* Entities+dto */ = {
			isa = PBXGroup;
			children = (
				F6D22A1728C4FA800091E3C8 /* BinaryDice.swift */,
				F6D22A1528C4F9BB0091E3C8 /* Node.swift */,
				F6D22A0F28C4F5DF0091E3C8 /* Player.swift */,
				F6D22A1128C4F6E00091E3C8 /* Knight.swift */,
				F6D22A1328C4F7F70091E3C8 /* GameTurn.swift */,
				F6F8919428CEF5CA008621D5 /* GameInfo.swift */,
				F6750D4728D0D5A30034D839 /* Battle.swift */,
			);
			path = "Entities+dto";
			sourceTree = "<group>";
		};
		F6D22A2028C645000091E3C8 /* Services */ = {
			isa = PBXGroup;
			children = (
				F6AC5FF928CDC8F200A35B53 /* Game */,
			);
			path = Services;
			sourceTree = "<group>";
		};
/* End PBXGroup section */

/* Begin PBXHeadersBuildPhase section */
		F6D229F128C4F5B90091E3C8 /* Headers */ = {
			isa = PBXHeadersBuildPhase;
			buildActionMask = 2147483647;
			files = (
				F6D22A0528C4F5B90091E3C8 /* Domain.h in Headers */,
			);
			runOnlyForDeploymentPostprocessing = 0;
		};
/* End PBXHeadersBuildPhase section */

/* Begin PBXNativeTarget section */
		F6D229F528C4F5B90091E3C8 /* Domain */ = {
			isa = PBXNativeTarget;
			buildConfigurationList = F6D22A0828C4F5B90091E3C8 /* Build configuration list for PBXNativeTarget "Domain" */;
			buildPhases = (
				F6D229F128C4F5B90091E3C8 /* Headers */,
				F6D229F228C4F5B90091E3C8 /* Sources */,
				F6D229F328C4F5B90091E3C8 /* Frameworks */,
				F6D229F428C4F5B90091E3C8 /* Resources */,
			);
			buildRules = (
			);
			dependencies = (
			);
			name = Domain;
			packageProductDependencies = (
			);
			productName = Domain;
			productReference = F6D229F628C4F5B90091E3C8 /* Domain.framework */;
			productType = "com.apple.product-type.framework";
		};
		F6D229FD28C4F5B90091E3C8 /* DomainTests */ = {
			isa = PBXNativeTarget;
			buildConfigurationList = F6D22A0B28C4F5B90091E3C8 /* Build configuration list for PBXNativeTarget "DomainTests" */;
			buildPhases = (
				F6D229FA28C4F5B90091E3C8 /* Sources */,
				F6D229FB28C4F5B90091E3C8 /* Frameworks */,
				F6D229FC28C4F5B90091E3C8 /* Resources */,
			);
			buildRules = (
			);
			dependencies = (
				F6D22A0128C4F5B90091E3C8 /* PBXTargetDependency */,
			);
			name = DomainTests;
			productName = DomainTests;
			productReference = F6D229FE28C4F5B90091E3C8 /* DomainTests.xctest */;
			productType = "com.apple.product-type.bundle.unit-test";
		};
/* End PBXNativeTarget section */

/* Begin PBXProject section */
		F6D229ED28C4F5B90091E3C8 /* Project object */ = {
			isa = PBXProject;
			attributes = {
				BuildIndependentTargetsInParallel = 1;
				LastSwiftUpdateCheck = 1400;
				LastUpgradeCheck = 1400;
				TargetAttributes = {
					F6D229F528C4F5B90091E3C8 = {
						CreatedOnToolsVersion = 14.0;
						LastSwiftMigration = 1400;
					};
					F6D229FD28C4F5B90091E3C8 = {
						CreatedOnToolsVersion = 14.0;
						LastSwiftMigration = 1400;
					};
				};
			};
			buildConfigurationList = F6D229F028C4F5B90091E3C8 /* Build configuration list for PBXProject "Domain" */;
			compatibilityVersion = "Xcode 14.0";
			developmentRegion = en;
			hasScannedForEncodings = 0;
			knownRegions = (
				en,
				Base,
			);
			mainGroup = F6D229EC28C4F5B90091E3C8;
			packageReferences = (
			);
			productRefGroup = F6D229F728C4F5B90091E3C8 /* Products */;
			projectDirPath = "";
			projectRoot = "";
			targets = (
				F6D229F528C4F5B90091E3C8 /* Domain */,
				F6D229FD28C4F5B90091E3C8 /* DomainTests */,
			);
		};
/* End PBXProject section */

/* Begin PBXResourcesBuildPhase section */
		F6D229F428C4F5B90091E3C8 /* Resources */ = {
			isa = PBXResourcesBuildPhase;
			buildActionMask = 2147483647;
			files = (
			);
			runOnlyForDeploymentPostprocessing = 0;
		};
		F6D229FC28C4F5B90091E3C8 /* Resources */ = {
			isa = PBXResourcesBuildPhase;
			buildActionMask = 2147483647;
			files = (
			);
			runOnlyForDeploymentPostprocessing = 0;
		};
/* End PBXResourcesBuildPhase section */

/* Begin PBXSourcesBuildPhase section */
		F6D229F228C4F5B90091E3C8 /* Sources */ = {
			isa = PBXSourcesBuildPhase;
			buildActionMask = 2147483647;
			files = (
				F6D22A1628C4F9BB0091E3C8 /* Node.swift in Sources */,
				F6750D4828D0D5A30034D839 /* Battle.swift in Sources */,
				F6F8919928CEF6DF008621D5 /* RandDomiceRoller.swift.swift in Sources */,
				F6F8919528CEF5CA008621D5 /* GameInfo.swift in Sources */,
				F6D22A2228C645190091E3C8 /* GameEvents.swift in Sources */,
				F6AC5FF828CDC86300A35B53 /* OfflineGameServiceImple.swift in Sources */,
				F6D22A1428C4F7F70091E3C8 /* GameTurn.swift in Sources */,
				F6D22A1228C4F6E00091E3C8 /* Knight.swift in Sources */,
				F690BC8C28CF1590003EAEF2 /* BattleGround.swift in Sources */,
				F6D22A1A28C4FCDE0091E3C8 /* GameService.swift in Sources */,
				F6D22A1828C4FA800091E3C8 /* BinaryDice.swift in Sources */,
				F620D19428F12A1B00682D90 /* GameEventBoardCaster.swift in Sources */,
				F690086828C667FD00D6CDC7 /* KnightPathSuggestService.swift in Sources */,
				F6D22A1028C4F5DF0091E3C8 /* Player.swift in Sources */,
			);
			runOnlyForDeploymentPostprocessing = 0;
		};
		F6D229FA28C4F5B90091E3C8 /* Sources */ = {
			isa = PBXSourcesBuildPhase;
			buildActionMask = 2147483647;
			files = (
				F690087828C7A93100D6CDC7 /* KnightPathSuggestServiceImpleTests+attack.swift in Sources */,
				F6AC600128CDCC3000A35B53 /* OfflineGameServiceImpleTests.swift in Sources */,
				F6768E6028CD890F005D7264 /* KnightPathSuggestServiceImpleTests.swift in Sources */,
				F6750D4A28D23AF70034D839 /* BattleGroundTests.swift in Sources */,
				F6768E5E28CC6C82005D7264 /* KnightPathSuggestServiceImpleTests+defence.swift in Sources */,
			);
			runOnlyForDeploymentPostprocessing = 0;
		};
/* End PBXSourcesBuildPhase section */

/* Begin PBXTargetDependency section */
		F6D22A0128C4F5B90091E3C8 /* PBXTargetDependency */ = {
			isa = PBXTargetDependency;
			target = F6D229F528C4F5B90091E3C8 /* Domain */;
			targetProxy = F6D22A0028C4F5B90091E3C8 /* PBXContainerItemProxy */;
		};
/* End PBXTargetDependency section */

/* Begin XCBuildConfiguration section */
		F6D22A0628C4F5B90091E3C8 /* Debug */ = {
			isa = XCBuildConfiguration;
			buildSettings = {
				ALWAYS_SEARCH_USER_PATHS = NO;
				CLANG_ANALYZER_NONNULL = YES;
				CLANG_ANALYZER_NUMBER_OBJECT_CONVERSION = YES_AGGRESSIVE;
				CLANG_CXX_LANGUAGE_STANDARD = "gnu++20";
				CLANG_ENABLE_MODULES = YES;
				CLANG_ENABLE_OBJC_ARC = YES;
				CLANG_ENABLE_OBJC_WEAK = YES;
				CLANG_WARN_BLOCK_CAPTURE_AUTORELEASING = YES;
				CLANG_WARN_BOOL_CONVERSION = YES;
				CLANG_WARN_COMMA = YES;
				CLANG_WARN_CONSTANT_CONVERSION = YES;
				CLANG_WARN_DEPRECATED_OBJC_IMPLEMENTATIONS = YES;
				CLANG_WARN_DIRECT_OBJC_ISA_USAGE = YES_ERROR;
				CLANG_WARN_DOCUMENTATION_COMMENTS = YES;
				CLANG_WARN_EMPTY_BODY = YES;
				CLANG_WARN_ENUM_CONVERSION = YES;
				CLANG_WARN_INFINITE_RECURSION = YES;
				CLANG_WARN_INT_CONVERSION = YES;
				CLANG_WARN_NON_LITERAL_NULL_CONVERSION = YES;
				CLANG_WARN_OBJC_IMPLICIT_RETAIN_SELF = YES;
				CLANG_WARN_OBJC_LITERAL_CONVERSION = YES;
				CLANG_WARN_OBJC_ROOT_CLASS = YES_ERROR;
				CLANG_WARN_QUOTED_INCLUDE_IN_FRAMEWORK_HEADER = YES;
				CLANG_WARN_RANGE_LOOP_ANALYSIS = YES;
				CLANG_WARN_STRICT_PROTOTYPES = YES;
				CLANG_WARN_SUSPICIOUS_MOVE = YES;
				CLANG_WARN_UNGUARDED_AVAILABILITY = YES_AGGRESSIVE;
				CLANG_WARN_UNREACHABLE_CODE = YES;
				CLANG_WARN__DUPLICATE_METHOD_MATCH = YES;
				COPY_PHASE_STRIP = NO;
				CURRENT_PROJECT_VERSION = 1;
				DEBUG_INFORMATION_FORMAT = dwarf;
				ENABLE_STRICT_OBJC_MSGSEND = YES;
				ENABLE_TESTABILITY = YES;
				GCC_C_LANGUAGE_STANDARD = gnu11;
				GCC_DYNAMIC_NO_PIC = NO;
				GCC_NO_COMMON_BLOCKS = YES;
				GCC_OPTIMIZATION_LEVEL = 0;
				GCC_PREPROCESSOR_DEFINITIONS = (
					"DEBUG=1",
					"$(inherited)",
				);
				GCC_WARN_64_TO_32_BIT_CONVERSION = YES;
				GCC_WARN_ABOUT_RETURN_TYPE = YES_ERROR;
				GCC_WARN_UNDECLARED_SELECTOR = YES;
				GCC_WARN_UNINITIALIZED_AUTOS = YES_AGGRESSIVE;
				GCC_WARN_UNUSED_FUNCTION = YES;
				GCC_WARN_UNUSED_VARIABLE = YES;
				IPHONEOS_DEPLOYMENT_TARGET = 15.0;
				MTL_ENABLE_DEBUG_INFO = INCLUDE_SOURCE;
				MTL_FAST_MATH = YES;
				ONLY_ACTIVE_ARCH = YES;
				SDKROOT = iphoneos;
				SWIFT_ACTIVE_COMPILATION_CONDITIONS = DEBUG;
				SWIFT_OPTIMIZATION_LEVEL = "-Onone";
				VERSIONING_SYSTEM = "apple-generic";
				VERSION_INFO_PREFIX = "";
			};
			name = Debug;
		};
		F6D22A0728C4F5B90091E3C8 /* Release */ = {
			isa = XCBuildConfiguration;
			buildSettings = {
				ALWAYS_SEARCH_USER_PATHS = NO;
				CLANG_ANALYZER_NONNULL = YES;
				CLANG_ANALYZER_NUMBER_OBJECT_CONVERSION = YES_AGGRESSIVE;
				CLANG_CXX_LANGUAGE_STANDARD = "gnu++20";
				CLANG_ENABLE_MODULES = YES;
				CLANG_ENABLE_OBJC_ARC = YES;
				CLANG_ENABLE_OBJC_WEAK = YES;
				CLANG_WARN_BLOCK_CAPTURE_AUTORELEASING = YES;
				CLANG_WARN_BOOL_CONVERSION = YES;
				CLANG_WARN_COMMA = YES;
				CLANG_WARN_CONSTANT_CONVERSION = YES;
				CLANG_WARN_DEPRECATED_OBJC_IMPLEMENTATIONS = YES;
				CLANG_WARN_DIRECT_OBJC_ISA_USAGE = YES_ERROR;
				CLANG_WARN_DOCUMENTATION_COMMENTS = YES;
				CLANG_WARN_EMPTY_BODY = YES;
				CLANG_WARN_ENUM_CONVERSION = YES;
				CLANG_WARN_INFINITE_RECURSION = YES;
				CLANG_WARN_INT_CONVERSION = YES;
				CLANG_WARN_NON_LITERAL_NULL_CONVERSION = YES;
				CLANG_WARN_OBJC_IMPLICIT_RETAIN_SELF = YES;
				CLANG_WARN_OBJC_LITERAL_CONVERSION = YES;
				CLANG_WARN_OBJC_ROOT_CLASS = YES_ERROR;
				CLANG_WARN_QUOTED_INCLUDE_IN_FRAMEWORK_HEADER = YES;
				CLANG_WARN_RANGE_LOOP_ANALYSIS = YES;
				CLANG_WARN_STRICT_PROTOTYPES = YES;
				CLANG_WARN_SUSPICIOUS_MOVE = YES;
				CLANG_WARN_UNGUARDED_AVAILABILITY = YES_AGGRESSIVE;
				CLANG_WARN_UNREACHABLE_CODE = YES;
				CLANG_WARN__DUPLICATE_METHOD_MATCH = YES;
				COPY_PHASE_STRIP = NO;
				CURRENT_PROJECT_VERSION = 1;
				DEBUG_INFORMATION_FORMAT = "dwarf-with-dsym";
				ENABLE_NS_ASSERTIONS = NO;
				ENABLE_STRICT_OBJC_MSGSEND = YES;
				GCC_C_LANGUAGE_STANDARD = gnu11;
				GCC_NO_COMMON_BLOCKS = YES;
				GCC_WARN_64_TO_32_BIT_CONVERSION = YES;
				GCC_WARN_ABOUT_RETURN_TYPE = YES_ERROR;
				GCC_WARN_UNDECLARED_SELECTOR = YES;
				GCC_WARN_UNINITIALIZED_AUTOS = YES_AGGRESSIVE;
				GCC_WARN_UNUSED_FUNCTION = YES;
				GCC_WARN_UNUSED_VARIABLE = YES;
				IPHONEOS_DEPLOYMENT_TARGET = 15.0;
				MTL_ENABLE_DEBUG_INFO = NO;
				MTL_FAST_MATH = YES;
				SDKROOT = iphoneos;
				SWIFT_COMPILATION_MODE = wholemodule;
				SWIFT_OPTIMIZATION_LEVEL = "-O";
				VALIDATE_PRODUCT = YES;
				VERSIONING_SYSTEM = "apple-generic";
				VERSION_INFO_PREFIX = "";
			};
			name = Release;
		};
		F6D22A0928C4F5B90091E3C8 /* Debug */ = {
			isa = XCBuildConfiguration;
			buildSettings = {
				CLANG_ENABLE_MODULES = YES;
				CODE_SIGN_STYLE = Automatic;
				CURRENT_PROJECT_VERSION = 1;
				DEFINES_MODULE = YES;
				DEVELOPMENT_TEAM = 2ABNASUGL6;
				DYLIB_COMPATIBILITY_VERSION = 1;
				DYLIB_CURRENT_VERSION = 1;
				DYLIB_INSTALL_NAME_BASE = "@rpath";
				GENERATE_INFOPLIST_FILE = YES;
				INFOPLIST_KEY_NSHumanReadableCopyright = "";
				INSTALL_PATH = "$(LOCAL_LIBRARY_DIR)/Frameworks";
				LD_RUNPATH_SEARCH_PATHS = (
					"$(inherited)",
					"@executable_path/Frameworks",
					"@loader_path/Frameworks",
				);
				MARKETING_VERSION = 1.0;
				PRODUCT_BUNDLE_IDENTIFIER = com.sudo.park.Domain;
				PRODUCT_NAME = "$(TARGET_NAME:c99extidentifier)";
				SKIP_INSTALL = YES;
				SWIFT_EMIT_LOC_STRINGS = YES;
				SWIFT_OPTIMIZATION_LEVEL = "-Onone";
				SWIFT_VERSION = 5.0;
				TARGETED_DEVICE_FAMILY = "1,2";
			};
			name = Debug;
		};
		F6D22A0A28C4F5B90091E3C8 /* Release */ = {
			isa = XCBuildConfiguration;
			buildSettings = {
				CLANG_ENABLE_MODULES = YES;
				CODE_SIGN_STYLE = Automatic;
				CURRENT_PROJECT_VERSION = 1;
				DEFINES_MODULE = YES;
				DEVELOPMENT_TEAM = 2ABNASUGL6;
				DYLIB_COMPATIBILITY_VERSION = 1;
				DYLIB_CURRENT_VERSION = 1;
				DYLIB_INSTALL_NAME_BASE = "@rpath";
				GENERATE_INFOPLIST_FILE = YES;
				INFOPLIST_KEY_NSHumanReadableCopyright = "";
				INSTALL_PATH = "$(LOCAL_LIBRARY_DIR)/Frameworks";
				LD_RUNPATH_SEARCH_PATHS = (
					"$(inherited)",
					"@executable_path/Frameworks",
					"@loader_path/Frameworks",
				);
				MARKETING_VERSION = 1.0;
				PRODUCT_BUNDLE_IDENTIFIER = com.sudo.park.Domain;
				PRODUCT_NAME = "$(TARGET_NAME:c99extidentifier)";
				SKIP_INSTALL = YES;
				SWIFT_EMIT_LOC_STRINGS = YES;
				SWIFT_VERSION = 5.0;
				TARGETED_DEVICE_FAMILY = "1,2";
			};
			name = Release;
		};
		F6D22A0C28C4F5B90091E3C8 /* Debug */ = {
			isa = XCBuildConfiguration;
			buildSettings = {
				ALWAYS_EMBED_SWIFT_STANDARD_LIBRARIES = YES;
				CLANG_ENABLE_MODULES = YES;
				CODE_SIGN_STYLE = Automatic;
				CURRENT_PROJECT_VERSION = 1;
				DEVELOPMENT_TEAM = 2ABNASUGL6;
				GENERATE_INFOPLIST_FILE = YES;
				LD_RUNPATH_SEARCH_PATHS = (
					"$(inherited)",
					"@executable_path/Frameworks",
					"@loader_path/Frameworks",
				);
				MARKETING_VERSION = 1.0;
				PRODUCT_BUNDLE_IDENTIFIER = com.sudo.park.DomainTests;
				PRODUCT_NAME = "$(TARGET_NAME)";
				SWIFT_EMIT_LOC_STRINGS = NO;
				SWIFT_OPTIMIZATION_LEVEL = "-Onone";
				SWIFT_VERSION = 5.0;
				TARGETED_DEVICE_FAMILY = "1,2";
			};
			name = Debug;
		};
		F6D22A0D28C4F5B90091E3C8 /* Release */ = {
			isa = XCBuildConfiguration;
			buildSettings = {
				ALWAYS_EMBED_SWIFT_STANDARD_LIBRARIES = YES;
				CLANG_ENABLE_MODULES = YES;
				CODE_SIGN_STYLE = Automatic;
				CURRENT_PROJECT_VERSION = 1;
				DEVELOPMENT_TEAM = 2ABNASUGL6;
				GENERATE_INFOPLIST_FILE = YES;
				LD_RUNPATH_SEARCH_PATHS = (
					"$(inherited)",
					"@executable_path/Frameworks",
					"@loader_path/Frameworks",
				);
				MARKETING_VERSION = 1.0;
				PRODUCT_BUNDLE_IDENTIFIER = com.sudo.park.DomainTests;
				PRODUCT_NAME = "$(TARGET_NAME)";
				SWIFT_EMIT_LOC_STRINGS = NO;
				SWIFT_VERSION = 5.0;
				TARGETED_DEVICE_FAMILY = "1,2";
			};
			name = Release;
		};
/* End XCBuildConfiguration section */

/* Begin XCConfigurationList section */
		F6D229F028C4F5B90091E3C8 /* Build configuration list for PBXProject "Domain" */ = {
			isa = XCConfigurationList;
			buildConfigurations = (
				F6D22A0628C4F5B90091E3C8 /* Debug */,
				F6D22A0728C4F5B90091E3C8 /* Release */,
			);
			defaultConfigurationIsVisible = 0;
			defaultConfigurationName = Release;
		};
		F6D22A0828C4F5B90091E3C8 /* Build configuration list for PBXNativeTarget "Domain" */ = {
			isa = XCConfigurationList;
			buildConfigurations = (
				F6D22A0928C4F5B90091E3C8 /* Debug */,
				F6D22A0A28C4F5B90091E3C8 /* Release */,
			);
			defaultConfigurationIsVisible = 0;
			defaultConfigurationName = Release;
		};
		F6D22A0B28C4F5B90091E3C8 /* Build configuration list for PBXNativeTarget "DomainTests" */ = {
			isa = XCConfigurationList;
			buildConfigurations = (
				F6D22A0C28C4F5B90091E3C8 /* Debug */,
				F6D22A0D28C4F5B90091E3C8 /* Release */,
			);
			defaultConfigurationIsVisible = 0;
			defaultConfigurationName = Release;
		};
/* End XCConfigurationList section */
	};
	rootObject = F6D229ED28C4F5B90091E3C8 /* Project object */;
}
